
Microsoft Visual Studio Solution File, Format Version 12.00
# Visual Studio Version 17
VisualStudioVersion = 17.9.34728.123
MinimumVisualStudioVersion = 10.0.40219.1
Project("{FAE04EC0-301F-11D3-BF4B-00C04F79EFBC}") = "Controller", "Controller\Controller.csproj", "{9693554A-5961-4ABE-A27F-72454E413D93}"
EndProject
Project("{FAE04EC0-301F-11D3-BF4B-00C04F79EFBC}") = "Model", "Model\Model.csproj", "{CE7E72E4-3CC1-4DC5-A593-8845B8DEDB60}"
EndProject
Project("{FAE04EC0-301F-11D3-BF4B-00C04F79EFBC}") = "View", "View\View.csproj", "{7ACC3CE9-8574-4B65-9099-29B35B8F488D}"
EndProject
Global
	GlobalSection(SolutionConfigurationPlatforms) = preSolution
		Debug|Any CPU = Debug|Any CPU
		Release|Any CPU = Release|Any CPU
	EndGlobalSection
	GlobalSection(ProjectConfigurationPlatforms) = postSolution
		{9693554A-5961-4ABE-A27F-72454E413D93}.Debug|Any CPU.ActiveCfg = Debug|Any CPU
		{9693554A-5961-4ABE-A27F-72454E413D93}.Debug|Any CPU.Build.0 = Debug|Any CPU
		{9693554A-5961-4ABE-A27F-72454E413D93}.Release|Any CPU.ActiveCfg = Release|Any CPU
		{9693554A-5961-4ABE-A27F-72454E413D93}.Release|Any CPU.Build.0 = Release|Any CPU
		{CE7E72E4-3CC1-4DC5-A593-8845B8DEDB60}.Debug|Any CPU.ActiveCfg = Debug|Any CPU
		{CE7E72E4-3CC1-4DC5-A593-8845B8DEDB60}.Debug|Any CPU.Build.0 = Debug|Any CPU
		{CE7E72E4-3CC1-4DC5-A593-8845B8DEDB60}.Release|Any CPU.ActiveCfg = Release|Any CPU
		{CE7E72E4-3CC1-4DC5-A593-8845B8DEDB60}.Release|Any CPU.Build.0 = Release|Any CPU
		{7ACC3CE9-8574-4B65-9099-29B35B8F488D}.Debug|Any CPU.ActiveCfg = Debug|Any CPU
		{7ACC3CE9-8574-4B65-9099-29B35B8F488D}.Debug|Any CPU.Build.0 = Debug|Any CPU
		{7ACC3CE9-8574-4B65-9099-29B35B8F488D}.Release|Any CPU.ActiveCfg = Release|Any CPU
		{7ACC3CE9-8574-4B65-9099-29B35B8F488D}.Release|Any CPU.Build.0 = Release|Any CPU
	EndGlobalSection
	GlobalSection(SolutionProperties) = preSolution
		HideSolutionNode = FALSE
	EndGlobalSection
	GlobalSection(ExtensibilityGlobals) = postSolution
		SolutionGuid = {B1880594-8371-4E6C-9C44-C65481864C14}
	EndGlobalSection
EndGlobal
